
Microsoft Visual Studio Solution File, Format Version 12.00
# Visual Studio Version 17
VisualStudioVersion = 17.7.34003.232
MinimumVisualStudioVersion = 10.0.40219.1
Project("{FAE04EC0-301F-11D3-BF4B-00C04F79EFBC}") = "Countries", "Countries\Countries.csproj", "{3B436833-297D-4D1A-A8D8-16CEA08135B7}"
EndProject
Global
	GlobalSection(SolutionConfigurationPlatforms) = preSolution
		Debug|Any CPU = Debug|Any CPU
		Release|Any CPU = Release|Any CPU
	EndGlobalSection
	GlobalSection(ProjectConfigurationPlatforms) = postSolution
		{3B436833-297D-4D1A-A8D8-16CEA08135B7}.Debug|Any CPU.ActiveCfg = Debug|Any CPU
		{3B436833-297D-4D1A-A8D8-16CEA08135B7}.Debug|Any CPU.Build.0 = Debug|Any CPU
		{3B436833-297D-4D1A-A8D8-16CEA08135B7}.Release|Any CPU.ActiveCfg = Release|Any CPU
		{3B436833-297D-4D1A-A8D8-16CEA08135B7}.Release|Any CPU.Build.0 = Release|Any CPU
	EndGlobalSection
	GlobalSection(SolutionProperties) = preSolution
		HideSolutionNode = FALSE
	EndGlobalSection
	GlobalSection(ExtensibilityGlobals) = postSolution
		SolutionGuid = {158BF917-4EC3-454D-9B99-14A00974F2EA}
	EndGlobalSection
EndGlobal
